
Microsoft Visual Studio Solution File, Format Version 12.00
# Visual Studio Version 16
VisualStudioVersion = 16.0.29306.81
MinimumVisualStudioVersion = 10.0.40219.1
Project("{FAE04EC0-301F-11D3-BF4B-00C04F79EFBC}") = "Task,async,await", "Task,async,await.csproj", "{120410B5-3502-4B11-947B-80C45FC008BA}"
EndProject
Global
	GlobalSection(SolutionConfigurationPlatforms) = preSolution
		Debug|Any CPU = Debug|Any CPU
		Release|Any CPU = Release|Any CPU
	EndGlobalSection
	GlobalSection(ProjectConfigurationPlatforms) = postSolution
		{120410B5-3502-4B11-947B-80C45FC008BA}.Debug|Any CPU.ActiveCfg = Debug|Any CPU
		{120410B5-3502-4B11-947B-80C45FC008BA}.Debug|Any CPU.Build.0 = Debug|Any CPU
		{120410B5-3502-4B11-947B-80C45FC008BA}.Release|Any CPU.ActiveCfg = Release|Any CPU
		{120410B5-3502-4B11-947B-80C45FC008BA}.Release|Any CPU.Build.0 = Release|Any CPU
	EndGlobalSection
	GlobalSection(SolutionProperties) = preSolution
		HideSolutionNode = FALSE
	EndGlobalSection
	GlobalSection(ExtensibilityGlobals) = postSolution
		SolutionGuid = {C7A90A3F-8040-48E1-A874-F0BCF5633DF4}
	EndGlobalSection
EndGlobal
